
Microsoft Visual Studio Solution File, Format Version 12.00
# Visual Studio Version 17
VisualStudioVersion = 17.5.33530.505
MinimumVisualStudioVersion = 10.0.40219.1
Project("{9A19103F-16F7-4668-BE54-9A1E7A4F7556}") = "TesteIMC", "TesteIMC\TesteIMC.csproj", "{EB257360-C7BC-41B6-9C22-C2B7F83FD2BA}"
EndProject
Project("{FAE04EC0-301F-11D3-BF4B-00C04F79EFBC}") = "TestarIMC", "TestarIMC\TestarIMC.csproj", "{053F29A9-A719-4041-80C8-945ABEFD7EA1}"
EndProject
Project("{FAE04EC0-301F-11D3-BF4B-00C04F79EFBC}") = "TesteIMCXunit", "TesteIMCXunit\TesteIMCXunit.csproj", "{6A533516-11CF-4F7B-8D8E-AE35C3957603}"
EndProject
Global
	GlobalSection(SolutionConfigurationPlatforms) = preSolution
		Debug|Any CPU = Debug|Any CPU
		Release|Any CPU = Release|Any CPU
	EndGlobalSection
	GlobalSection(ProjectConfigurationPlatforms) = postSolution
		{EB257360-C7BC-41B6-9C22-C2B7F83FD2BA}.Debug|Any CPU.ActiveCfg = Debug|Any CPU
		{EB257360-C7BC-41B6-9C22-C2B7F83FD2BA}.Debug|Any CPU.Build.0 = Debug|Any CPU
		{EB257360-C7BC-41B6-9C22-C2B7F83FD2BA}.Release|Any CPU.ActiveCfg = Release|Any CPU
		{EB257360-C7BC-41B6-9C22-C2B7F83FD2BA}.Release|Any CPU.Build.0 = Release|Any CPU
		{053F29A9-A719-4041-80C8-945ABEFD7EA1}.Debug|Any CPU.ActiveCfg = Debug|Any CPU
		{053F29A9-A719-4041-80C8-945ABEFD7EA1}.Debug|Any CPU.Build.0 = Debug|Any CPU
		{053F29A9-A719-4041-80C8-945ABEFD7EA1}.Release|Any CPU.ActiveCfg = Release|Any CPU
		{053F29A9-A719-4041-80C8-945ABEFD7EA1}.Release|Any CPU.Build.0 = Release|Any CPU
		{6A533516-11CF-4F7B-8D8E-AE35C3957603}.Debug|Any CPU.ActiveCfg = Debug|Any CPU
		{6A533516-11CF-4F7B-8D8E-AE35C3957603}.Debug|Any CPU.Build.0 = Debug|Any CPU
		{6A533516-11CF-4F7B-8D8E-AE35C3957603}.Release|Any CPU.ActiveCfg = Release|Any CPU
		{6A533516-11CF-4F7B-8D8E-AE35C3957603}.Release|Any CPU.Build.0 = Release|Any CPU
	EndGlobalSection
	GlobalSection(SolutionProperties) = preSolution
		HideSolutionNode = FALSE
	EndGlobalSection
	GlobalSection(ExtensibilityGlobals) = postSolution
		SolutionGuid = {0FE7A8DF-1F49-465D-BD5C-AD9A5A158565}
	EndGlobalSection
EndGlobal
