
Microsoft Visual Studio Solution File, Format Version 12.00
# Visual Studio Version 17
VisualStudioVersion = 17.5.33530.505
MinimumVisualStudioVersion = 10.0.40219.1
Project("{FAE04EC0-301F-11D3-BF4B-00C04F79EFBC}") = "Projeto_Teste", "Projeto_Teste\Projeto_Teste.csproj", "{3A2D28B1-18A8-44D1-BCDD-780E5EA82D21}"
EndProject
Project("{FAE04EC0-301F-11D3-BF4B-00C04F79EFBC}") = "TesteMSteste", "TesteMSteste\TesteMSteste.csproj", "{8CD4F383-E9CB-41FC-A62B-F9C656043B55}"
EndProject
Project("{FAE04EC0-301F-11D3-BF4B-00C04F79EFBC}") = "TestXUnit", "TestXUnit\TestXUnit.csproj", "{A16CB357-3257-4E96-A38C-7924FA5F2721}"
EndProject
Global
	GlobalSection(SolutionConfigurationPlatforms) = preSolution
		Debug|Any CPU = Debug|Any CPU
		Release|Any CPU = Release|Any CPU
	EndGlobalSection
	GlobalSection(ProjectConfigurationPlatforms) = postSolution
		{3A2D28B1-18A8-44D1-BCDD-780E5EA82D21}.Debug|Any CPU.ActiveCfg = Debug|Any CPU
		{3A2D28B1-18A8-44D1-BCDD-780E5EA82D21}.Debug|Any CPU.Build.0 = Debug|Any CPU
		{3A2D28B1-18A8-44D1-BCDD-780E5EA82D21}.Release|Any CPU.ActiveCfg = Release|Any CPU
		{3A2D28B1-18A8-44D1-BCDD-780E5EA82D21}.Release|Any CPU.Build.0 = Release|Any CPU
		{8CD4F383-E9CB-41FC-A62B-F9C656043B55}.Debug|Any CPU.ActiveCfg = Debug|Any CPU
		{8CD4F383-E9CB-41FC-A62B-F9C656043B55}.Debug|Any CPU.Build.0 = Debug|Any CPU
		{8CD4F383-E9CB-41FC-A62B-F9C656043B55}.Release|Any CPU.ActiveCfg = Release|Any CPU
		{8CD4F383-E9CB-41FC-A62B-F9C656043B55}.Release|Any CPU.Build.0 = Release|Any CPU
		{A16CB357-3257-4E96-A38C-7924FA5F2721}.Debug|Any CPU.ActiveCfg = Debug|Any CPU
		{A16CB357-3257-4E96-A38C-7924FA5F2721}.Debug|Any CPU.Build.0 = Debug|Any CPU
		{A16CB357-3257-4E96-A38C-7924FA5F2721}.Release|Any CPU.ActiveCfg = Release|Any CPU
		{A16CB357-3257-4E96-A38C-7924FA5F2721}.Release|Any CPU.Build.0 = Release|Any CPU
	EndGlobalSection
	GlobalSection(SolutionProperties) = preSolution
		HideSolutionNode = FALSE
	EndGlobalSection
	GlobalSection(ExtensibilityGlobals) = postSolution
		SolutionGuid = {917F8A7C-2695-4CE8-AD54-B5485A35064C}
	EndGlobalSection
EndGlobal
